
Microsoft Visual Studio Solution File, Format Version 12.00
# Visual Studio 2013
VisualStudioVersion = 12.0.21005.1
MinimumVisualStudioVersion = 10.0.40219.1
Project("{FAE04EC0-301F-11D3-BF4B-00C04F79EFBC}") = "MessageHandlers", "WebApplication1\MessageHandlers.csproj", "{641E29C7-2A9E-44FF-94D4-2B5831226720}"
EndProject
Project("{FAE04EC0-301F-11D3-BF4B-00C04F79EFBC}") = "HttpClientHandlers", "HttpClientHandlers\HttpClientHandlers.csproj", "{60E28DF8-7085-4083-9B28-E120B8907441}"
EndProject
Project("{FAE04EC0-301F-11D3-BF4B-00C04F79EFBC}") = "DependencyInjection", "DependencyInjection\DependencyInjection.csproj", "{7002C2D3-E272-44C4-A39D-F2C533409D76}"
EndProject
Global
	GlobalSection(SolutionConfigurationPlatforms) = preSolution
		Debug|Any CPU = Debug|Any CPU
		Release|Any CPU = Release|Any CPU
	EndGlobalSection
	GlobalSection(ProjectConfigurationPlatforms) = postSolution
		{641E29C7-2A9E-44FF-94D4-2B5831226720}.Debug|Any CPU.ActiveCfg = Debug|Any CPU
		{641E29C7-2A9E-44FF-94D4-2B5831226720}.Debug|Any CPU.Build.0 = Debug|Any CPU
		{641E29C7-2A9E-44FF-94D4-2B5831226720}.Release|Any CPU.ActiveCfg = Release|Any CPU
		{641E29C7-2A9E-44FF-94D4-2B5831226720}.Release|Any CPU.Build.0 = Release|Any CPU
		{60E28DF8-7085-4083-9B28-E120B8907441}.Debug|Any CPU.ActiveCfg = Debug|Any CPU
		{60E28DF8-7085-4083-9B28-E120B8907441}.Debug|Any CPU.Build.0 = Debug|Any CPU
		{60E28DF8-7085-4083-9B28-E120B8907441}.Release|Any CPU.ActiveCfg = Release|Any CPU
		{60E28DF8-7085-4083-9B28-E120B8907441}.Release|Any CPU.Build.0 = Release|Any CPU
		{7002C2D3-E272-44C4-A39D-F2C533409D76}.Debug|Any CPU.ActiveCfg = Debug|Any CPU
		{7002C2D3-E272-44C4-A39D-F2C533409D76}.Debug|Any CPU.Build.0 = Debug|Any CPU
		{7002C2D3-E272-44C4-A39D-F2C533409D76}.Release|Any CPU.ActiveCfg = Release|Any CPU
		{7002C2D3-E272-44C4-A39D-F2C533409D76}.Release|Any CPU.Build.0 = Release|Any CPU
	EndGlobalSection
	GlobalSection(SolutionProperties) = preSolution
		HideSolutionNode = FALSE
	EndGlobalSection
EndGlobal
